
Microsoft Visual Studio Solution File, Format Version 12.00
# Visual Studio Version 17
VisualStudioVersion = 17.7.34221.43
MinimumVisualStudioVersion = 10.0.40219.1
Project("{FAE04EC0-301F-11D3-BF4B-00C04F79EFBC}") = "040 ArraysV", "040 ArraysV.csproj", "{F8BE40A8-609F-4ADA-B103-72AFC81E5DCB}"
EndProject
Global
	GlobalSection(SolutionConfigurationPlatforms) = preSolution
		Debug|Any CPU = Debug|Any CPU
		Release|Any CPU = Release|Any CPU
	EndGlobalSection
	GlobalSection(ProjectConfigurationPlatforms) = postSolution
		{F8BE40A8-609F-4ADA-B103-72AFC81E5DCB}.Debug|Any CPU.ActiveCfg = Debug|Any CPU
		{F8BE40A8-609F-4ADA-B103-72AFC81E5DCB}.Debug|Any CPU.Build.0 = Debug|Any CPU
		{F8BE40A8-609F-4ADA-B103-72AFC81E5DCB}.Release|Any CPU.ActiveCfg = Release|Any CPU
		{F8BE40A8-609F-4ADA-B103-72AFC81E5DCB}.Release|Any CPU.Build.0 = Release|Any CPU
	EndGlobalSection
	GlobalSection(SolutionProperties) = preSolution
		HideSolutionNode = FALSE
	EndGlobalSection
	GlobalSection(ExtensibilityGlobals) = postSolution
		SolutionGuid = {C53EDAD0-4601-433B-B994-9629E56F2FE7}
	EndGlobalSection
EndGlobal
