
Microsoft Visual Studio Solution File, Format Version 12.00
# Visual Studio Version 17
VisualStudioVersion = 17.7.34221.43
MinimumVisualStudioVersion = 10.0.40219.1
Project("{FAE04EC0-301F-11D3-BF4B-00C04F79EFBC}") = "039 UsoArrays", "039 UsoArrays.csproj", "{C14773C5-9E45-4215-9485-483D4B9DAF20}"
EndProject
Global
	GlobalSection(SolutionConfigurationPlatforms) = preSolution
		Debug|Any CPU = Debug|Any CPU
		Release|Any CPU = Release|Any CPU
	EndGlobalSection
	GlobalSection(ProjectConfigurationPlatforms) = postSolution
		{C14773C5-9E45-4215-9485-483D4B9DAF20}.Debug|Any CPU.ActiveCfg = Debug|Any CPU
		{C14773C5-9E45-4215-9485-483D4B9DAF20}.Debug|Any CPU.Build.0 = Debug|Any CPU
		{C14773C5-9E45-4215-9485-483D4B9DAF20}.Release|Any CPU.ActiveCfg = Release|Any CPU
		{C14773C5-9E45-4215-9485-483D4B9DAF20}.Release|Any CPU.Build.0 = Release|Any CPU
	EndGlobalSection
	GlobalSection(SolutionProperties) = preSolution
		HideSolutionNode = FALSE
	EndGlobalSection
	GlobalSection(ExtensibilityGlobals) = postSolution
		SolutionGuid = {3AB7D8BB-8180-4201-A2F0-0F42EF5EF3E5}
	EndGlobalSection
EndGlobal
