
Microsoft Visual Studio Solution File, Format Version 12.00
# Visual Studio Version 17
VisualStudioVersion = 17.4.33110.190
MinimumVisualStudioVersion = 10.0.40219.1
Project("{FAE04EC0-301F-11D3-BF4B-00C04F79EFBC}") = "ej001 invertirDosCifras", "ej001 invertirDosCifras.csproj", "{1FF1426B-AD88-439C-BD60-CC2F430093CC}"
EndProject
Global
	GlobalSection(SolutionConfigurationPlatforms) = preSolution
		Debug|Any CPU = Debug|Any CPU
		Release|Any CPU = Release|Any CPU
	EndGlobalSection
	GlobalSection(ProjectConfigurationPlatforms) = postSolution
		{1FF1426B-AD88-439C-BD60-CC2F430093CC}.Debug|Any CPU.ActiveCfg = Debug|Any CPU
		{1FF1426B-AD88-439C-BD60-CC2F430093CC}.Debug|Any CPU.Build.0 = Debug|Any CPU
		{1FF1426B-AD88-439C-BD60-CC2F430093CC}.Release|Any CPU.ActiveCfg = Release|Any CPU
		{1FF1426B-AD88-439C-BD60-CC2F430093CC}.Release|Any CPU.Build.0 = Release|Any CPU
	EndGlobalSection
	GlobalSection(SolutionProperties) = preSolution
		HideSolutionNode = FALSE
	EndGlobalSection
	GlobalSection(ExtensibilityGlobals) = postSolution
		SolutionGuid = {58EF1B56-19F7-4FCB-97FA-147849E703FD}
	EndGlobalSection
EndGlobal
