
Microsoft Visual Studio Solution File, Format Version 12.00
# Visual Studio Version 17
VisualStudioVersion = 17.2.32616.157
MinimumVisualStudioVersion = 10.0.40219.1
Project("{FAE04EC0-301F-11D3-BF4B-00C04F79EFBC}") = "024 exepciones", "024 exepciones.csproj", "{FACCFD26-CEAE-4336-9907-7A0A4F02558F}"
EndProject
Global
	GlobalSection(SolutionConfigurationPlatforms) = preSolution
		Debug|Any CPU = Debug|Any CPU
		Release|Any CPU = Release|Any CPU
	EndGlobalSection
	GlobalSection(ProjectConfigurationPlatforms) = postSolution
		{FACCFD26-CEAE-4336-9907-7A0A4F02558F}.Debug|Any CPU.ActiveCfg = Debug|Any CPU
		{FACCFD26-CEAE-4336-9907-7A0A4F02558F}.Debug|Any CPU.Build.0 = Debug|Any CPU
		{FACCFD26-CEAE-4336-9907-7A0A4F02558F}.Release|Any CPU.ActiveCfg = Release|Any CPU
		{FACCFD26-CEAE-4336-9907-7A0A4F02558F}.Release|Any CPU.Build.0 = Release|Any CPU
	EndGlobalSection
	GlobalSection(SolutionProperties) = preSolution
		HideSolutionNode = FALSE
	EndGlobalSection
	GlobalSection(ExtensibilityGlobals) = postSolution
		SolutionGuid = {24DF74A2-2FE3-45F0-BA5A-44F6ABDD7436}
	EndGlobalSection
EndGlobal
