
Microsoft Visual Studio Solution File, Format Version 12.00
# Visual Studio Version 17
VisualStudioVersion = 17.1.32421.90
MinimumVisualStudioVersion = 10.0.40219.1
Project("{FAE04EC0-301F-11D3-BF4B-00C04F79EFBC}") = "PracticaMetodos", "PracticaMetodos.csproj", "{5F1DEF4D-9FA0-42B2-B48D-AE5D75690EDF}"
EndProject
Global
	GlobalSection(SolutionConfigurationPlatforms) = preSolution
		Debug|Any CPU = Debug|Any CPU
		Release|Any CPU = Release|Any CPU
	EndGlobalSection
	GlobalSection(ProjectConfigurationPlatforms) = postSolution
		{5F1DEF4D-9FA0-42B2-B48D-AE5D75690EDF}.Debug|Any CPU.ActiveCfg = Debug|Any CPU
		{5F1DEF4D-9FA0-42B2-B48D-AE5D75690EDF}.Debug|Any CPU.Build.0 = Debug|Any CPU
		{5F1DEF4D-9FA0-42B2-B48D-AE5D75690EDF}.Release|Any CPU.ActiveCfg = Release|Any CPU
		{5F1DEF4D-9FA0-42B2-B48D-AE5D75690EDF}.Release|Any CPU.Build.0 = Release|Any CPU
	EndGlobalSection
	GlobalSection(SolutionProperties) = preSolution
		HideSolutionNode = FALSE
	EndGlobalSection
	GlobalSection(ExtensibilityGlobals) = postSolution
		SolutionGuid = {70E5528E-FD5E-4555-B81A-B7500AAC10C5}
	EndGlobalSection
EndGlobal
